
Microsoft Visual Studio Solution File, Format Version 12.00
Project("{FAE04EC0-301F-11D3-BF4B-00C04F79EFBC}") = "FamilyBudgetTracker.Backend", "FamilyBudgetTracker.Backend\FamilyBudgetTracker.Backend.csproj", "{59E37E3F-F113-480A-AF41-37AD32D7B4B4}"
EndProject
Project("{FAE04EC0-301F-11D3-BF4B-00C04F79EFBC}") = "FamilyBudgetTracker.Test", "FamilyBudgetTracker.Test\FamilyBudgetTracker.Test.csproj", "{72B3C659-56FA-420D-969C-C55C82F711BA}"
EndProject
Project("{2150E333-8FDC-42A3-9474-1A3956D46DE8}") = "src", "src", "{1D743532-2A3B-4812-AE9A-179D08A7D45A}"
EndProject
Project("{2150E333-8FDC-42A3-9474-1A3956D46DE8}") = "test", "test", "{92AF045D-CEFB-4F9D-9FDE-53C163F45C90}"
EndProject
Project("{FAE04EC0-301F-11D3-BF4B-00C04F79EFBC}") = "FamilyBudgetTracker.Entities", "FamilyBudgetTracker.Entities\FamilyBudgetTracker.Entities.csproj", "{3B80E595-9AE5-455F-8E0A-F1362F642CB2}"
EndProject
Global
	GlobalSection(SolutionConfigurationPlatforms) = preSolution
		Debug|Any CPU = Debug|Any CPU
		Release|Any CPU = Release|Any CPU
	EndGlobalSection
	GlobalSection(ProjectConfigurationPlatforms) = postSolution
		{59E37E3F-F113-480A-AF41-37AD32D7B4B4}.Debug|Any CPU.ActiveCfg = Debug|Any CPU
		{59E37E3F-F113-480A-AF41-37AD32D7B4B4}.Debug|Any CPU.Build.0 = Debug|Any CPU
		{59E37E3F-F113-480A-AF41-37AD32D7B4B4}.Release|Any CPU.ActiveCfg = Release|Any CPU
		{59E37E3F-F113-480A-AF41-37AD32D7B4B4}.Release|Any CPU.Build.0 = Release|Any CPU
		{72B3C659-56FA-420D-969C-C55C82F711BA}.Debug|Any CPU.ActiveCfg = Debug|Any CPU
		{72B3C659-56FA-420D-969C-C55C82F711BA}.Debug|Any CPU.Build.0 = Debug|Any CPU
		{72B3C659-56FA-420D-969C-C55C82F711BA}.Release|Any CPU.ActiveCfg = Release|Any CPU
		{72B3C659-56FA-420D-969C-C55C82F711BA}.Release|Any CPU.Build.0 = Release|Any CPU
		{3B80E595-9AE5-455F-8E0A-F1362F642CB2}.Debug|Any CPU.ActiveCfg = Debug|Any CPU
		{3B80E595-9AE5-455F-8E0A-F1362F642CB2}.Debug|Any CPU.Build.0 = Debug|Any CPU
		{3B80E595-9AE5-455F-8E0A-F1362F642CB2}.Release|Any CPU.ActiveCfg = Release|Any CPU
		{3B80E595-9AE5-455F-8E0A-F1362F642CB2}.Release|Any CPU.Build.0 = Release|Any CPU
	EndGlobalSection
	GlobalSection(NestedProjects) = preSolution
		{59E37E3F-F113-480A-AF41-37AD32D7B4B4} = {1D743532-2A3B-4812-AE9A-179D08A7D45A}
		{72B3C659-56FA-420D-969C-C55C82F711BA} = {92AF045D-CEFB-4F9D-9FDE-53C163F45C90}
		{3B80E595-9AE5-455F-8E0A-F1362F642CB2} = {1D743532-2A3B-4812-AE9A-179D08A7D45A}
	EndGlobalSection
EndGlobal
