
Microsoft Visual Studio Solution File, Format Version 12.00
Project("{2150E333-8FDC-42A3-9474-1A3956D46DE8}") = "src", "src", "{83734A5A-9050-4A66-94CB-99B94C0E41F5}"
EndProject
Project("{2150E333-8FDC-42A3-9474-1A3956D46DE8}") = "test", "test", "{F31D01D6-2299-44BC-A5C3-94E033A1CFB8}"
EndProject
Project("{2150E333-8FDC-42A3-9474-1A3956D46DE8}") = "backend", "backend", "{62786BFB-C0C2-47BE-9DF5-DDF6497AAA66}"
EndProject
Project("{2150E333-8FDC-42A3-9474-1A3956D46DE8}") = "shared", "shared", "{BE92B6E2-1982-482D-B0F0-569913C93B6B}"
EndProject
Project("{2150E333-8FDC-42A3-9474-1A3956D46DE8}") = "frontend", "frontend", "{88A787B0-6D46-44C3-958F-EA9A73BF2E21}"
EndProject
Project("{FAE04EC0-301F-11D3-BF4B-00C04F79EFBC}") = "FamilyBudgetTracker.Shared", "src\shared\FamilyBudgetTracker.Shared\FamilyBudgetTracker.Shared.csproj", "{D68F7C99-AA91-46C6-8284-3226D9608574}"
EndProject
Project("{FAE04EC0-301F-11D3-BF4B-00C04F79EFBC}") = "FamilyBudgetTracker.Backend.Domain", "src\backend\FamilyBudgetTracker.Backend.Domain\FamilyBudgetTracker.Backend.Domain.csproj", "{9D9AF5F2-D5CC-4062-A74C-3E5FE390E9BA}"
EndProject
Project("{FAE04EC0-301F-11D3-BF4B-00C04F79EFBC}") = "FamilyBudgetTracker.Backend.Data", "src\backend\FamilyBudgetTracker.Backend.Data\FamilyBudgetTracker.Backend.Data.csproj", "{A9AA4AA6-8AFF-4763-8F56-B37C4A2CEBFC}"
EndProject
Project("{FAE04EC0-301F-11D3-BF4B-00C04F79EFBC}") = "FamilyBudgetTracker.Backend.DomainServices", "src\backend\FamilyBudgetTracker.Backend.DomainServices\FamilyBudgetTracker.Backend.DomainServices.csproj", "{F18CD1AE-1ED4-4816-BF91-5E435E41870D}"
EndProject
Project("{FAE04EC0-301F-11D3-BF4B-00C04F79EFBC}") = "FamilyBudgetTracker.Backend.API", "src\backend\FamilyBudgetTracker.Backend.API\FamilyBudgetTracker.Backend.API.csproj", "{9075EE93-D8F9-402D-8843-D0DAB6D79094}"
EndProject
Project("{FAE04EC0-301F-11D3-BF4B-00C04F79EFBC}") = "FamilyBudgetTracker.Backend.Authentication", "src\backend\FamilyBudgetTracker.Backend.Authentication\FamilyBudgetTracker.Backend.Authentication.csproj", "{CE593535-E482-437F-B616-F5C2A294EB65}"
EndProject
Project("{FAE04EC0-301F-11D3-BF4B-00C04F79EFBC}") = "FamilyBudgetTracker.Backend.Email", "src\backend\FamilyBudgetTracker.Backend.Email\FamilyBudgetTracker.Backend.Email.csproj", "{24F036C7-C18B-47D5-A719-446696D9589C}"
EndProject
Project("{FAE04EC0-301F-11D3-BF4B-00C04F79EFBC}") = "FamilyBudgetTracker.Backend.BackgroundServices", "src\backend\FamilyBudgetTracker.Backend.BackgroundServices\FamilyBudgetTracker.Backend.BackgroundServices.csproj", "{D1271CC4-3CA9-4C97-88BA-4060236006DA}"
EndProject
Project("{FAE04EC0-301F-11D3-BF4B-00C04F79EFBC}") = "FamilyBudgetTracker.Test", "test\FamilyBudgetTracker.Test\FamilyBudgetTracker.Test.csproj", "{8D404778-D73E-4498-9D19-4CE1ADF2D1D1}"
EndProject
Project("{FAE04EC0-301F-11D3-BF4B-00C04F79EFBC}") = "FamilyBudgetTracker.Frontend", "FamilyBudgetTracker.Frontend\FamilyBudgetTracker.Frontend.csproj", "{54A65C76-D6BF-4F15-B6DB-D56F85A85105}"
EndProject
Global
	GlobalSection(SolutionConfigurationPlatforms) = preSolution
		Debug|Any CPU = Debug|Any CPU
		Release|Any CPU = Release|Any CPU
	EndGlobalSection
	GlobalSection(NestedProjects) = preSolution
		{62786BFB-C0C2-47BE-9DF5-DDF6497AAA66} = {83734A5A-9050-4A66-94CB-99B94C0E41F5}
		{BE92B6E2-1982-482D-B0F0-569913C93B6B} = {83734A5A-9050-4A66-94CB-99B94C0E41F5}
		{88A787B0-6D46-44C3-958F-EA9A73BF2E21} = {83734A5A-9050-4A66-94CB-99B94C0E41F5}
		{D68F7C99-AA91-46C6-8284-3226D9608574} = {BE92B6E2-1982-482D-B0F0-569913C93B6B}
		{9D9AF5F2-D5CC-4062-A74C-3E5FE390E9BA} = {62786BFB-C0C2-47BE-9DF5-DDF6497AAA66}
		{A9AA4AA6-8AFF-4763-8F56-B37C4A2CEBFC} = {62786BFB-C0C2-47BE-9DF5-DDF6497AAA66}
		{F18CD1AE-1ED4-4816-BF91-5E435E41870D} = {62786BFB-C0C2-47BE-9DF5-DDF6497AAA66}
		{9075EE93-D8F9-402D-8843-D0DAB6D79094} = {62786BFB-C0C2-47BE-9DF5-DDF6497AAA66}
		{CE593535-E482-437F-B616-F5C2A294EB65} = {62786BFB-C0C2-47BE-9DF5-DDF6497AAA66}
		{24F036C7-C18B-47D5-A719-446696D9589C} = {62786BFB-C0C2-47BE-9DF5-DDF6497AAA66}
		{D1271CC4-3CA9-4C97-88BA-4060236006DA} = {62786BFB-C0C2-47BE-9DF5-DDF6497AAA66}
		{8D404778-D73E-4498-9D19-4CE1ADF2D1D1} = {F31D01D6-2299-44BC-A5C3-94E033A1CFB8}
		{54A65C76-D6BF-4F15-B6DB-D56F85A85105} = {88A787B0-6D46-44C3-958F-EA9A73BF2E21}
	EndGlobalSection
	GlobalSection(ProjectConfigurationPlatforms) = postSolution
		{D68F7C99-AA91-46C6-8284-3226D9608574}.Debug|Any CPU.ActiveCfg = Debug|Any CPU
		{D68F7C99-AA91-46C6-8284-3226D9608574}.Debug|Any CPU.Build.0 = Debug|Any CPU
		{D68F7C99-AA91-46C6-8284-3226D9608574}.Release|Any CPU.ActiveCfg = Release|Any CPU
		{D68F7C99-AA91-46C6-8284-3226D9608574}.Release|Any CPU.Build.0 = Release|Any CPU
		{9D9AF5F2-D5CC-4062-A74C-3E5FE390E9BA}.Debug|Any CPU.ActiveCfg = Debug|Any CPU
		{9D9AF5F2-D5CC-4062-A74C-3E5FE390E9BA}.Debug|Any CPU.Build.0 = Debug|Any CPU
		{9D9AF5F2-D5CC-4062-A74C-3E5FE390E9BA}.Release|Any CPU.ActiveCfg = Release|Any CPU
		{9D9AF5F2-D5CC-4062-A74C-3E5FE390E9BA}.Release|Any CPU.Build.0 = Release|Any CPU
		{A9AA4AA6-8AFF-4763-8F56-B37C4A2CEBFC}.Debug|Any CPU.ActiveCfg = Debug|Any CPU
		{A9AA4AA6-8AFF-4763-8F56-B37C4A2CEBFC}.Debug|Any CPU.Build.0 = Debug|Any CPU
		{A9AA4AA6-8AFF-4763-8F56-B37C4A2CEBFC}.Release|Any CPU.ActiveCfg = Release|Any CPU
		{A9AA4AA6-8AFF-4763-8F56-B37C4A2CEBFC}.Release|Any CPU.Build.0 = Release|Any CPU
		{F18CD1AE-1ED4-4816-BF91-5E435E41870D}.Debug|Any CPU.ActiveCfg = Debug|Any CPU
		{F18CD1AE-1ED4-4816-BF91-5E435E41870D}.Debug|Any CPU.Build.0 = Debug|Any CPU
		{F18CD1AE-1ED4-4816-BF91-5E435E41870D}.Release|Any CPU.ActiveCfg = Release|Any CPU
		{F18CD1AE-1ED4-4816-BF91-5E435E41870D}.Release|Any CPU.Build.0 = Release|Any CPU
		{9075EE93-D8F9-402D-8843-D0DAB6D79094}.Debug|Any CPU.ActiveCfg = Debug|Any CPU
		{9075EE93-D8F9-402D-8843-D0DAB6D79094}.Debug|Any CPU.Build.0 = Debug|Any CPU
		{9075EE93-D8F9-402D-8843-D0DAB6D79094}.Release|Any CPU.ActiveCfg = Release|Any CPU
		{9075EE93-D8F9-402D-8843-D0DAB6D79094}.Release|Any CPU.Build.0 = Release|Any CPU
		{CE593535-E482-437F-B616-F5C2A294EB65}.Debug|Any CPU.ActiveCfg = Debug|Any CPU
		{CE593535-E482-437F-B616-F5C2A294EB65}.Debug|Any CPU.Build.0 = Debug|Any CPU
		{CE593535-E482-437F-B616-F5C2A294EB65}.Release|Any CPU.ActiveCfg = Release|Any CPU
		{CE593535-E482-437F-B616-F5C2A294EB65}.Release|Any CPU.Build.0 = Release|Any CPU
		{24F036C7-C18B-47D5-A719-446696D9589C}.Debug|Any CPU.ActiveCfg = Debug|Any CPU
		{24F036C7-C18B-47D5-A719-446696D9589C}.Debug|Any CPU.Build.0 = Debug|Any CPU
		{24F036C7-C18B-47D5-A719-446696D9589C}.Release|Any CPU.ActiveCfg = Release|Any CPU
		{24F036C7-C18B-47D5-A719-446696D9589C}.Release|Any CPU.Build.0 = Release|Any CPU
		{D1271CC4-3CA9-4C97-88BA-4060236006DA}.Debug|Any CPU.ActiveCfg = Debug|Any CPU
		{D1271CC4-3CA9-4C97-88BA-4060236006DA}.Debug|Any CPU.Build.0 = Debug|Any CPU
		{D1271CC4-3CA9-4C97-88BA-4060236006DA}.Release|Any CPU.ActiveCfg = Release|Any CPU
		{D1271CC4-3CA9-4C97-88BA-4060236006DA}.Release|Any CPU.Build.0 = Release|Any CPU
		{8D404778-D73E-4498-9D19-4CE1ADF2D1D1}.Debug|Any CPU.ActiveCfg = Debug|Any CPU
		{8D404778-D73E-4498-9D19-4CE1ADF2D1D1}.Debug|Any CPU.Build.0 = Debug|Any CPU
		{8D404778-D73E-4498-9D19-4CE1ADF2D1D1}.Release|Any CPU.ActiveCfg = Release|Any CPU
		{8D404778-D73E-4498-9D19-4CE1ADF2D1D1}.Release|Any CPU.Build.0 = Release|Any CPU
		{54A65C76-D6BF-4F15-B6DB-D56F85A85105}.Debug|Any CPU.ActiveCfg = Debug|Any CPU
		{54A65C76-D6BF-4F15-B6DB-D56F85A85105}.Debug|Any CPU.Build.0 = Debug|Any CPU
		{54A65C76-D6BF-4F15-B6DB-D56F85A85105}.Release|Any CPU.ActiveCfg = Release|Any CPU
		{54A65C76-D6BF-4F15-B6DB-D56F85A85105}.Release|Any CPU.Build.0 = Release|Any CPU
	EndGlobalSection
EndGlobal
